// !$*UTF8*$!
{
	archiveVersion = 1;
	classes = {
	};
	objectVersion = 50;
	objects = {

/* Begin PBXBuildFile section */
		2D3463D720C0CE9300424B45 /* AppDelegate.swift in Sources */ = {isa = PBXBuildFile; fileRef = 2D3463D620C0CE9300424B45 /* AppDelegate.swift */; };
		2D3463D920C0CE9300424B45 /* LoginViewController.swift in Sources */ = {isa = PBXBuildFile; fileRef = 2D3463D820C0CE9300424B45 /* LoginViewController.swift */; };
		2D3463DC20C0CE9300424B45 /* Main.storyboard in Resources */ = {isa = PBXBuildFile; fileRef = 2D3463DA20C0CE9300424B45 /* Main.storyboard */; };
		2D3463DE20C0CE9400424B45 /* Assets.xcassets in Resources */ = {isa = PBXBuildFile; fileRef = 2D3463DD20C0CE9400424B45 /* Assets.xcassets */; };
		2D3463E120C0CE9400424B45 /* LaunchScreen.storyboard in Resources */ = {isa = PBXBuildFile; fileRef = 2D3463DF20C0CE9400424B45 /* LaunchScreen.storyboard */; };
		2D3463EC20C0CE9500424B45 /* MeetNPlayTests.swift in Sources */ = {isa = PBXBuildFile; fileRef = 2D3463EB20C0CE9500424B45 /* MeetNPlayTests.swift */; };
		2D3463F720C0CE9500424B45 /* MeetNPlayUITests.swift in Sources */ = {isa = PBXBuildFile; fileRef = 2D3463F620C0CE9500424B45 /* MeetNPlayUITests.swift */; };
		2D34640520C0CFDF00424B45 /* backgrounds-desktop-wallpaper-venues-architecture-images-sports.jpg in Resources */ = {isa = PBXBuildFile; fileRef = 2D34640420C0CFDF00424B45 /* backgrounds-desktop-wallpaper-venues-architecture-images-sports.jpg */; };
		2D34640920C0D24100424B45 /* gaurd.png in Resources */ = {isa = PBXBuildFile; fileRef = 2D34640820C0D24100424B45 /* gaurd.png */; };
		2D34640B20C0E65C00424B45 /* MeetNPlay.png in Resources */ = {isa = PBXBuildFile; fileRef = 2D34640A20C0E65C00424B45 /* MeetNPlay.png */; };
		2D34640D20C0E6F100424B45 /* MeetNPlay2.png in Resources */ = {isa = PBXBuildFile; fileRef = 2D34640C20C0E6F000424B45 /* MeetNPlay2.png */; };
		2D34640F20C0EEFA00424B45 /* GoogleService-Info.plist in Resources */ = {isa = PBXBuildFile; fileRef = 2D34640E20C0EEF900424B45 /* GoogleService-Info.plist */; };
		2D3C16CE20C234DA002194AF /* SignUpViewController.swift in Sources */ = {isa = PBXBuildFile; fileRef = 2D3C16CD20C234DA002194AF /* SignUpViewController.swift */; };
		40DA3F6FC5B2870B1054596E /* Pods_MeetNPlay.framework in Frameworks */ = {isa = PBXBuildFile; fileRef = 044CCFC3BBE9DFC47C549431 /* Pods_MeetNPlay.framework */; };
		F3C93F5728292F91516C3EBA /* Pods_MeetNPlayUITests.framework in Frameworks */ = {isa = PBXBuildFile; fileRef = 7ED86307CD435EC7357A0332 /* Pods_MeetNPlayUITests.framework */; };
		F84C11180D24D1BE8B224D8B /* Pods_MeetNPlayTests.framework in Frameworks */ = {isa = PBXBuildFile; fileRef = E1C7011296E08B373B337BC2 /* Pods_MeetNPlayTests.framework */; };
/* End PBXBuildFile section */

/* Begin PBXContainerItemProxy section */
		2D3463E820C0CE9400424B45 /* PBXContainerItemProxy */ = {
			isa = PBXContainerItemProxy;
			containerPortal = 2D3463CB20C0CE9300424B45 /* Project object */;
			proxyType = 1;
			remoteGlobalIDString = 2D3463D220C0CE9300424B45;
			remoteInfo = MeetNPlay;
		};
		2D3463F320C0CE9500424B45 /* PBXContainerItemProxy */ = {
			isa = PBXContainerItemProxy;
			containerPortal = 2D3463CB20C0CE9300424B45 /* Project object */;
			proxyType = 1;
			remoteGlobalIDString = 2D3463D220C0CE9300424B45;
			remoteInfo = MeetNPlay;
		};
/* End PBXContainerItemProxy section */

/* Begin PBXFileReference section */
		044CCFC3BBE9DFC47C549431 /* Pods_MeetNPlay.framework */ = {isa = PBXFileReference; explicitFileType = wrapper.framework; includeInIndex = 0; path = Pods_MeetNPlay.framework; sourceTree = BUILT_PRODUCTS_DIR; };
		24D632A2428F61D303DC3D80 /* Pods-MeetNPlay.release.xcconfig */ = {isa = PBXFileReference; includeInIndex = 1; lastKnownFileType = text.xcconfig; name = "Pods-MeetNPlay.release.xcconfig"; path = "Pods/Target Support Files/Pods-MeetNPlay/Pods-MeetNPlay.release.xcconfig"; sourceTree = "<group>"; };
		2D3463D320C0CE9300424B45 /* MeetNPlay.app */ = {isa = PBXFileReference; explicitFileType = wrapper.application; includeInIndex = 0; path = MeetNPlay.app; sourceTree = BUILT_PRODUCTS_DIR; };
		2D3463D620C0CE9300424B45 /* AppDelegate.swift */ = {isa = PBXFileReference; lastKnownFileType = sourcecode.swift; path = AppDelegate.swift; sourceTree = "<group>"; };
		2D3463D820C0CE9300424B45 /* LoginViewController.swift */ = {isa = PBXFileReference; lastKnownFileType = sourcecode.swift; path = LoginViewController.swift; sourceTree = "<group>"; };
		2D3463DB20C0CE9300424B45 /* Base */ = {isa = PBXFileReference; lastKnownFileType = file.storyboard; name = Base; path = Base.lproj/Main.storyboard; sourceTree = "<group>"; };
		2D3463DD20C0CE9400424B45 /* Assets.xcassets */ = {isa = PBXFileReference; lastKnownFileType = folder.assetcatalog; path = Assets.xcassets; sourceTree = "<group>"; };
		2D3463E020C0CE9400424B45 /* Base */ = {isa = PBXFileReference; lastKnownFileType = file.storyboard; name = Base; path = Base.lproj/LaunchScreen.storyboard; sourceTree = "<group>"; };
		2D3463E220C0CE9400424B45 /* Info.plist */ = {isa = PBXFileReference; lastKnownFileType = text.plist.xml; path = Info.plist; sourceTree = "<group>"; };
		2D3463E720C0CE9400424B45 /* MeetNPlayTests.xctest */ = {isa = PBXFileReference; explicitFileType = wrapper.cfbundle; includeInIndex = 0; path = MeetNPlayTests.xctest; sourceTree = BUILT_PRODUCTS_DIR; };
		2D3463EB20C0CE9500424B45 /* MeetNPlayTests.swift */ = {isa = PBXFileReference; lastKnownFileType = sourcecode.swift; path = MeetNPlayTests.swift; sourceTree = "<group>"; };
		2D3463ED20C0CE9500424B45 /* Info.plist */ = {isa = PBXFileReference; lastKnownFileType = text.plist.xml; path = Info.plist; sourceTree = "<group>"; };
		2D3463F220C0CE9500424B45 /* MeetNPlayUITests.xctest */ = {isa = PBXFileReference; explicitFileType = wrapper.cfbundle; includeInIndex = 0; path = MeetNPlayUITests.xctest; sourceTree = BUILT_PRODUCTS_DIR; };
		2D3463F620C0CE9500424B45 /* MeetNPlayUITests.swift */ = {isa = PBXFileReference; lastKnownFileType = sourcecode.swift; path = MeetNPlayUITests.swift; sourceTree = "<group>"; };
		2D3463F820C0CE9500424B45 /* Info.plist */ = {isa = PBXFileReference; lastKnownFileType = text.plist.xml; path = Info.plist; sourceTree = "<group>"; };
		2D34640420C0CFDF00424B45 /* backgrounds-desktop-wallpaper-venues-architecture-images-sports.jpg */ = {isa = PBXFileReference; lastKnownFileType = image.jpeg; path = "backgrounds-desktop-wallpaper-venues-architecture-images-sports.jpg"; sourceTree = "<group>"; };
		2D34640820C0D24100424B45 /* gaurd.png */ = {isa = PBXFileReference; lastKnownFileType = image.png; path = gaurd.png; sourceTree = "<group>"; };
		2D34640A20C0E65C00424B45 /* MeetNPlay.png */ = {isa = PBXFileReference; lastKnownFileType = image.png; path = MeetNPlay.png; sourceTree = "<group>"; };
		2D34640C20C0E6F000424B45 /* MeetNPlay2.png */ = {isa = PBXFileReference; lastKnownFileType = image.png; path = MeetNPlay2.png; sourceTree = "<group>"; };
		2D34640E20C0EEF900424B45 /* GoogleService-Info.plist */ = {isa = PBXFileReference; fileEncoding = 4; lastKnownFileType = text.plist.xml; path = "GoogleService-Info.plist"; sourceTree = "<group>"; };
		2D3C16CD20C234DA002194AF /* SignUpViewController.swift */ = {isa = PBXFileReference; lastKnownFileType = sourcecode.swift; path = SignUpViewController.swift; sourceTree = "<group>"; };
		5E99244D4E96BBE7AE2AC90D /* Pods-MeetNPlay.debug.xcconfig */ = {isa = PBXFileReference; includeInIndex = 1; lastKnownFileType = text.xcconfig; name = "Pods-MeetNPlay.debug.xcconfig"; path = "Pods/Target Support Files/Pods-MeetNPlay/Pods-MeetNPlay.debug.xcconfig"; sourceTree = "<group>"; };
		7B82019FE3C03034A5B9450B /* Pods-MeetNPlayUITests.debug.xcconfig */ = {isa = PBXFileReference; includeInIndex = 1; lastKnownFileType = text.xcconfig; name = "Pods-MeetNPlayUITests.debug.xcconfig"; path = "Pods/Target Support Files/Pods-MeetNPlayUITests/Pods-MeetNPlayUITests.debug.xcconfig"; sourceTree = "<group>"; };
		7ED86307CD435EC7357A0332 /* Pods_MeetNPlayUITests.framework */ = {isa = PBXFileReference; explicitFileType = wrapper.framework; includeInIndex = 0; path = Pods_MeetNPlayUITests.framework; sourceTree = BUILT_PRODUCTS_DIR; };
		AB6E3CED88F2D8B3EC61B7FB /* Pods-MeetNPlayUITests.release.xcconfig */ = {isa = PBXFileReference; includeInIndex = 1; lastKnownFileType = text.xcconfig; name = "Pods-MeetNPlayUITests.release.xcconfig"; path = "Pods/Target Support Files/Pods-MeetNPlayUITests/Pods-MeetNPlayUITests.release.xcconfig"; sourceTree = "<group>"; };
		DFDBED95E817B8021585A85E /* Pods-MeetNPlayTests.debug.xcconfig */ = {isa = PBXFileReference; includeInIndex = 1; lastKnownFileType = text.xcconfig; name = "Pods-MeetNPlayTests.debug.xcconfig"; path = "Pods/Target Support Files/Pods-MeetNPlayTests/Pods-MeetNPlayTests.debug.xcconfig"; sourceTree = "<group>"; };
		E1C7011296E08B373B337BC2 /* Pods_MeetNPlayTests.framework */ = {isa = PBXFileReference; explicitFileType = wrapper.framework; includeInIndex = 0; path = Pods_MeetNPlayTests.framework; sourceTree = BUILT_PRODUCTS_DIR; };
		F012D5EACCD0F3BF672DDD98 /* Pods-MeetNPlayTests.release.xcconfig */ = {isa = PBXFileReference; includeInIndex = 1; lastKnownFileType = text.xcconfig; name = "Pods-MeetNPlayTests.release.xcconfig"; path = "Pods/Target Support Files/Pods-MeetNPlayTests/Pods-MeetNPlayTests.release.xcconfig"; sourceTree = "<group>"; };
/* End PBXFileReference section */

/* Begin PBXFrameworksBuildPhase section */
		2D3463D020C0CE9300424B45 /* Frameworks */ = {
			isa = PBXFrameworksBuildPhase;
			buildActionMask = 2147483647;
			files = (
				40DA3F6FC5B2870B1054596E /* Pods_MeetNPlay.framework in Frameworks */,
			);
			runOnlyForDeploymentPostprocessing = 0;
		};
		2D3463E420C0CE9400424B45 /* Frameworks */ = {
			isa = PBXFrameworksBuildPhase;
			buildActionMask = 2147483647;
			files = (
				F84C11180D24D1BE8B224D8B /* Pods_MeetNPlayTests.framework in Frameworks */,
			);
			runOnlyForDeploymentPostprocessing = 0;
		};
		2D3463EF20C0CE9500424B45 /* Frameworks */ = {
			isa = PBXFrameworksBuildPhase;
			buildActionMask = 2147483647;
			files = (
				F3C93F5728292F91516C3EBA /* Pods_MeetNPlayUITests.framework in Frameworks */,
			);
			runOnlyForDeploymentPostprocessing = 0;
		};
/* End PBXFrameworksBuildPhase section */

/* Begin PBXGroup section */
		2D3463CA20C0CE9300424B45 = {
			isa = PBXGroup;
			children = (
				2D3463D520C0CE9300424B45 /* MeetNPlay */,
				2D3463EA20C0CE9400424B45 /* MeetNPlayTests */,
				2D3463F520C0CE9500424B45 /* MeetNPlayUITests */,
				2D3463D420C0CE9300424B45 /* Products */,
				8AF2B4680AB5ECB294B3E124 /* Pods */,
				590E73E0104CBB736D2DF512 /* Frameworks */,
			);
			sourceTree = "<group>";
		};
		2D3463D420C0CE9300424B45 /* Products */ = {
			isa = PBXGroup;
			children = (
				2D3463D320C0CE9300424B45 /* MeetNPlay.app */,
				2D3463E720C0CE9400424B45 /* MeetNPlayTests.xctest */,
				2D3463F220C0CE9500424B45 /* MeetNPlayUITests.xctest */,
			);
			name = Products;
			sourceTree = "<group>";
		};
		2D3463D520C0CE9300424B45 /* MeetNPlay */ = {
			isa = PBXGroup;
			children = (
				2D3463D620C0CE9300424B45 /* AppDelegate.swift */,
				2D3463D820C0CE9300424B45 /* LoginViewController.swift */,
				2D3C16CD20C234DA002194AF /* SignUpViewController.swift */,
				2D3463DA20C0CE9300424B45 /* Main.storyboard */,
				2D3463DD20C0CE9400424B45 /* Assets.xcassets */,
				2D3463DF20C0CE9400424B45 /* LaunchScreen.storyboard */,
				2D34640E20C0EEF900424B45 /* GoogleService-Info.plist */,
				2D3463E220C0CE9400424B45 /* Info.plist */,
				2D34640820C0D24100424B45 /* gaurd.png */,
				2D34640A20C0E65C00424B45 /* MeetNPlay.png */,
				2D34640C20C0E6F000424B45 /* MeetNPlay2.png */,
				2D34640420C0CFDF00424B45 /* backgrounds-desktop-wallpaper-venues-architecture-images-sports.jpg */,
			);
			path = MeetNPlay;
			sourceTree = "<group>";
		};
		2D3463EA20C0CE9400424B45 /* MeetNPlayTests */ = {
			isa = PBXGroup;
			children = (
				2D3463EB20C0CE9500424B45 /* MeetNPlayTests.swift */,
				2D3463ED20C0CE9500424B45 /* Info.plist */,
			);
			path = MeetNPlayTests;
			sourceTree = "<group>";
		};
		2D3463F520C0CE9500424B45 /* MeetNPlayUITests */ = {
			isa = PBXGroup;
			children = (
				2D3463F620C0CE9500424B45 /* MeetNPlayUITests.swift */,
				2D3463F820C0CE9500424B45 /* Info.plist */,
			);
			path = MeetNPlayUITests;
			sourceTree = "<group>";
		};
		590E73E0104CBB736D2DF512 /* Frameworks */ = {
			isa = PBXGroup;
			children = (
				044CCFC3BBE9DFC47C549431 /* Pods_MeetNPlay.framework */,
				E1C7011296E08B373B337BC2 /* Pods_MeetNPlayTests.framework */,
				7ED86307CD435EC7357A0332 /* Pods_MeetNPlayUITests.framework */,
			);
			name = Frameworks;
			sourceTree = "<group>";
		};
		8AF2B4680AB5ECB294B3E124 /* Pods */ = {
			isa = PBXGroup;
			children = (
				5E99244D4E96BBE7AE2AC90D /* Pods-MeetNPlay.debug.xcconfig */,
				24D632A2428F61D303DC3D80 /* Pods-MeetNPlay.release.xcconfig */,
				DFDBED95E817B8021585A85E /* Pods-MeetNPlayTests.debug.xcconfig */,
				F012D5EACCD0F3BF672DDD98 /* Pods-MeetNPlayTests.release.xcconfig */,
				7B82019FE3C03034A5B9450B /* Pods-MeetNPlayUITests.debug.xcconfig */,
				AB6E3CED88F2D8B3EC61B7FB /* Pods-MeetNPlayUITests.release.xcconfig */,
			);
			name = Pods;
			sourceTree = "<group>";
		};
/* End PBXGroup section */

/* Begin PBXNativeTarget section */
		2D3463D220C0CE9300424B45 /* MeetNPlay */ = {
			isa = PBXNativeTarget;
			buildConfigurationList = 2D3463FB20C0CE9500424B45 /* Build configuration list for PBXNativeTarget "MeetNPlay" */;
			buildPhases = (
				DBC898FBF96F1104A184B0FB /* [CP] Check Pods Manifest.lock */,
				2D3463CF20C0CE9300424B45 /* Sources */,
				2D3463D020C0CE9300424B45 /* Frameworks */,
				2D3463D120C0CE9300424B45 /* Resources */,
				E777F09C1DC8A9A6A6E64B11 /* [CP] Embed Pods Frameworks */,
			);
			buildRules = (
			);
			dependencies = (
			);
			name = MeetNPlay;
			productName = MeetNPlay;
			productReference = 2D3463D320C0CE9300424B45 /* MeetNPlay.app */;
			productType = "com.apple.product-type.application";
		};
		2D3463E620C0CE9400424B45 /* MeetNPlayTests */ = {
			isa = PBXNativeTarget;
			buildConfigurationList = 2D3463FE20C0CE9500424B45 /* Build configuration list for PBXNativeTarget "MeetNPlayTests" */;
			buildPhases = (
				DA3C4F4D6F19869847AA6D10 /* [CP] Check Pods Manifest.lock */,
				2D3463E320C0CE9400424B45 /* Sources */,
				2D3463E420C0CE9400424B45 /* Frameworks */,
				2D3463E520C0CE9400424B45 /* Resources */,
			);
			buildRules = (
			);
			dependencies = (
				2D3463E920C0CE9400424B45 /* PBXTargetDependency */,
			);
			name = MeetNPlayTests;
			productName = MeetNPlayTests;
			productReference = 2D3463E720C0CE9400424B45 /* MeetNPlayTests.xctest */;
			productType = "com.apple.product-type.bundle.unit-test";
		};
		2D3463F120C0CE9500424B45 /* MeetNPlayUITests */ = {
			isa = PBXNativeTarget;
			buildConfigurationList = 2D34640120C0CE9500424B45 /* Build configuration list for PBXNativeTarget "MeetNPlayUITests" */;
			buildPhases = (
				39BEA52EBE98177C2445F96F /* [CP] Check Pods Manifest.lock */,
				2D3463EE20C0CE9500424B45 /* Sources */,
				2D3463EF20C0CE9500424B45 /* Frameworks */,
				2D3463F020C0CE9500424B45 /* Resources */,
			);
			buildRules = (
			);
			dependencies = (
				2D3463F420C0CE9500424B45 /* PBXTargetDependency */,
			);
			name = MeetNPlayUITests;
			productName = MeetNPlayUITests;
			productReference = 2D3463F220C0CE9500424B45 /* MeetNPlayUITests.xctest */;
			productType = "com.apple.product-type.bundle.ui-testing";
		};
/* End PBXNativeTarget section */

/* Begin PBXProject section */
		2D3463CB20C0CE9300424B45 /* Project object */ = {
			isa = PBXProject;
			attributes = {
				LastSwiftUpdateCheck = 0940;
				LastUpgradeCheck = 0940;
				ORGANIZATIONNAME = VMS;
				TargetAttributes = {
					2D3463D220C0CE9300424B45 = {
						CreatedOnToolsVersion = 9.4;
					};
					2D3463E620C0CE9400424B45 = {
						CreatedOnToolsVersion = 9.4;
						TestTargetID = 2D3463D220C0CE9300424B45;
					};
					2D3463F120C0CE9500424B45 = {
						CreatedOnToolsVersion = 9.4;
						TestTargetID = 2D3463D220C0CE9300424B45;
					};
				};
			};
			buildConfigurationList = 2D3463CE20C0CE9300424B45 /* Build configuration list for PBXProject "MeetNPlay" */;
			compatibilityVersion = "Xcode 9.3";
			developmentRegion = en;
			hasScannedForEncodings = 0;
			knownRegions = (
				en,
				Base,
			);
			mainGroup = 2D3463CA20C0CE9300424B45;
			productRefGroup = 2D3463D420C0CE9300424B45 /* Products */;
			projectDirPath = "";
			projectRoot = "";
			targets = (
				2D3463D220C0CE9300424B45 /* MeetNPlay */,
				2D3463E620C0CE9400424B45 /* MeetNPlayTests */,
				2D3463F120C0CE9500424B45 /* MeetNPlayUITests */,
			);
		};
/* End PBXProject section */

/* Begin PBXResourcesBuildPhase section */
		2D3463D120C0CE9300424B45 /* Resources */ = {
			isa = PBXResourcesBuildPhase;
			buildActionMask = 2147483647;
			files = (
				2D3463E120C0CE9400424B45 /* LaunchScreen.storyboard in Resources */,
				2D3463DE20C0CE9400424B45 /* Assets.xcassets in Resources */,
				2D3463DC20C0CE9300424B45 /* Main.storyboard in Resources */,
				2D34640F20C0EEFA00424B45 /* GoogleService-Info.plist in Resources */,
				2D34640920C0D24100424B45 /* gaurd.png in Resources */,
				2D34640D20C0E6F100424B45 /* MeetNPlay2.png in Resources */,
				2D34640520C0CFDF00424B45 /* backgrounds-desktop-wallpaper-venues-architecture-images-sports.jpg in Resources */,
				2D34640B20C0E65C00424B45 /* MeetNPlay.png in Resources */,
			);
			runOnlyForDeploymentPostprocessing = 0;
		};
		2D3463E520C0CE9400424B45 /* Resources */ = {
			isa = PBXResourcesBuildPhase;
			buildActionMask = 2147483647;
			files = (
			);
			runOnlyForDeploymentPostprocessing = 0;
		};
		2D3463F020C0CE9500424B45 /* Resources */ = {
			isa = PBXResourcesBuildPhase;
			buildActionMask = 2147483647;
			files = (
			);
			runOnlyForDeploymentPostprocessing = 0;
		};
/* End PBXResourcesBuildPhase section */

/* Begin PBXShellScriptBuildPhase section */
		39BEA52EBE98177C2445F96F /* [CP] Check Pods Manifest.lock */ = {
			isa = PBXShellScriptBuildPhase;
			buildActionMask = 2147483647;
			files = (
			);
			inputPaths = (
				"${PODS_PODFILE_DIR_PATH}/Podfile.lock",
				"${PODS_ROOT}/Manifest.lock",
			);
			name = "[CP] Check Pods Manifest.lock";
			outputPaths = (
				"$(DERIVED_FILE_DIR)/Pods-MeetNPlayUITests-checkManifestLockResult.txt",
			);
			runOnlyForDeploymentPostprocessing = 0;
			shellPath = /bin/sh;
			shellScript = "diff \"${PODS_PODFILE_DIR_PATH}/Podfile.lock\" \"${PODS_ROOT}/Manifest.lock\" > /dev/null\nif [ $? != 0 ] ; then\n    # print error to STDERR\n    echo \"error: The sandbox is not in sync with the Podfile.lock. Run 'pod install' or update your CocoaPods installation.\" >&2\n    exit 1\nfi\n# This output is used by Xcode 'outputs' to avoid re-running this script phase.\necho \"SUCCESS\" > \"${SCRIPT_OUTPUT_FILE_0}\"\n";
			showEnvVarsInLog = 0;
		};
		DA3C4F4D6F19869847AA6D10 /* [CP] Check Pods Manifest.lock */ = {
			isa = PBXShellScriptBuildPhase;
			buildActionMask = 2147483647;
			files = (
			);
			inputPaths = (
				"${PODS_PODFILE_DIR_PATH}/Podfile.lock",
				"${PODS_ROOT}/Manifest.lock",
			);
			name = "[CP] Check Pods Manifest.lock";
			outputPaths = (
				"$(DERIVED_FILE_DIR)/Pods-MeetNPlayTests-checkManifestLockResult.txt",
			);
			runOnlyForDeploymentPostprocessing = 0;
			shellPath = /bin/sh;
			shellScript = "diff \"${PODS_PODFILE_DIR_PATH}/Podfile.lock\" \"${PODS_ROOT}/Manifest.lock\" > /dev/null\nif [ $? != 0 ] ; then\n    # print error to STDERR\n    echo \"error: The sandbox is not in sync with the Podfile.lock. Run 'pod install' or update your CocoaPods installation.\" >&2\n    exit 1\nfi\n# This output is used by Xcode 'outputs' to avoid re-running this script phase.\necho \"SUCCESS\" > \"${SCRIPT_OUTPUT_FILE_0}\"\n";
			showEnvVarsInLog = 0;
		};
		DBC898FBF96F1104A184B0FB /* [CP] Check Pods Manifest.lock */ = {
			isa = PBXShellScriptBuildPhase;
			buildActionMask = 2147483647;
			files = (
			);
			inputPaths = (
				"${PODS_PODFILE_DIR_PATH}/Podfile.lock",
				"${PODS_ROOT}/Manifest.lock",
			);
			name = "[CP] Check Pods Manifest.lock";
			outputPaths = (
				"$(DERIVED_FILE_DIR)/Pods-MeetNPlay-checkManifestLockResult.txt",
			);
			runOnlyForDeploymentPostprocessing = 0;
			shellPath = /bin/sh;
			shellScript = "diff \"${PODS_PODFILE_DIR_PATH}/Podfile.lock\" \"${PODS_ROOT}/Manifest.lock\" > /dev/null\nif [ $? != 0 ] ; then\n    # print error to STDERR\n    echo \"error: The sandbox is not in sync with the Podfile.lock. Run 'pod install' or update your CocoaPods installation.\" >&2\n    exit 1\nfi\n# This output is used by Xcode 'outputs' to avoid re-running this script phase.\necho \"SUCCESS\" > \"${SCRIPT_OUTPUT_FILE_0}\"\n";
			showEnvVarsInLog = 0;
		};
		E777F09C1DC8A9A6A6E64B11 /* [CP] Embed Pods Frameworks */ = {
			isa = PBXShellScriptBuildPhase;
			buildActionMask = 2147483647;
			files = (
			);
			inputPaths = (
				"${SRCROOT}/Pods/Target Support Files/Pods-MeetNPlay/Pods-MeetNPlay-frameworks.sh",
				"${BUILT_PRODUCTS_DIR}/GTMSessionFetcher/GTMSessionFetcher.framework",
				"${BUILT_PRODUCTS_DIR}/GoogleToolboxForMac/GoogleToolboxForMac.framework",
				"${BUILT_PRODUCTS_DIR}/nanopb/nanopb.framework",
			);
			name = "[CP] Embed Pods Frameworks";
			outputPaths = (
				"${TARGET_BUILD_DIR}/${FRAMEWORKS_FOLDER_PATH}/GTMSessionFetcher.framework",
				"${TARGET_BUILD_DIR}/${FRAMEWORKS_FOLDER_PATH}/GoogleToolboxForMac.framework",
				"${TARGET_BUILD_DIR}/${FRAMEWORKS_FOLDER_PATH}/nanopb.framework",
			);
			runOnlyForDeploymentPostprocessing = 0;
			shellPath = /bin/sh;
			shellScript = "\"${SRCROOT}/Pods/Target Support Files/Pods-MeetNPlay/Pods-MeetNPlay-frameworks.sh\"\n";
			showEnvVarsInLog = 0;
		};
/* End PBXShellScriptBuildPhase section */

/* Begin PBXSourcesBuildPhase section */
		2D3463CF20C0CE9300424B45 /* Sources */ = {
			isa = PBXSourcesBuildPhase;
			buildActionMask = 2147483647;
			files = (
				2D3C16CE20C234DA002194AF /* SignUpViewController.swift in Sources */,
				2D3463D920C0CE9300424B45 /* LoginViewController.swift in Sources */,
				2D3463D720C0CE9300424B45 /* AppDelegate.swift in Sources */,
			);
			runOnlyForDeploymentPostprocessing = 0;
		};
		2D3463E320C0CE9400424B45 /* Sources */ = {
			isa = PBXSourcesBuildPhase;
			buildActionMask = 2147483647;
			files = (
				2D3463EC20C0CE9500424B45 /* MeetNPlayTests.swift in Sources */,
			);
			runOnlyForDeploymentPostprocessing = 0;
		};
		2D3463EE20C0CE9500424B45 /* Sources */ = {
			isa = PBXSourcesBuildPhase;
			buildActionMask = 2147483647;
			files = (
				2D3463F720C0CE9500424B45 /* MeetNPlayUITests.swift in Sources */,
			);
			runOnlyForDeploymentPostprocessing = 0;
		};
/* End PBXSourcesBuildPhase section */

/* Begin PBXTargetDependency section */
		2D3463E920C0CE9400424B45 /* PBXTargetDependency */ = {
			isa = PBXTargetDependency;
			target = 2D3463D220C0CE9300424B45 /* MeetNPlay */;
			targetProxy = 2D3463E820C0CE9400424B45 /* PBXContainerItemProxy */;
		};
		2D3463F420C0CE9500424B45 /* PBXTargetDependency */ = {
			isa = PBXTargetDependency;
			target = 2D3463D220C0CE9300424B45 /* MeetNPlay */;
			targetProxy = 2D3463F320C0CE9500424B45 /* PBXContainerItemProxy */;
		};
/* End PBXTargetDependency section */

/* Begin PBXVariantGroup section */
		2D3463DA20C0CE9300424B45 /* Main.storyboard */ = {
			isa = PBXVariantGroup;
			children = (
				2D3463DB20C0CE9300424B45 /* Base */,
			);
			name = Main.storyboard;
			sourceTree = "<group>";
		};
		2D3463DF20C0CE9400424B45 /* LaunchScreen.storyboard */ = {
			isa = PBXVariantGroup;
			children = (
				2D3463E020C0CE9400424B45 /* Base */,
			);
			name = LaunchScreen.storyboard;
			sourceTree = "<group>";
		};
/* End PBXVariantGroup section */

/* Begin XCBuildConfiguration section */
		2D3463F920C0CE9500424B45 /* Debug */ = {
			isa = XCBuildConfiguration;
			buildSettings = {
				ALWAYS_SEARCH_USER_PATHS = NO;
				CLANG_ANALYZER_NONNULL = YES;
				CLANG_ANALYZER_NUMBER_OBJECT_CONVERSION = YES_AGGRESSIVE;
				CLANG_CXX_LANGUAGE_STANDARD = "gnu++14";
				CLANG_CXX_LIBRARY = "libc++";
				CLANG_ENABLE_MODULES = YES;
				CLANG_ENABLE_OBJC_ARC = YES;
				CLANG_ENABLE_OBJC_WEAK = YES;
				CLANG_WARN_BLOCK_CAPTURE_AUTORELEASING = YES;
				CLANG_WARN_BOOL_CONVERSION = YES;
				CLANG_WARN_COMMA = YES;
				CLANG_WARN_CONSTANT_CONVERSION = YES;
				CLANG_WARN_DEPRECATED_OBJC_IMPLEMENTATIONS = YES;
				CLANG_WARN_DIRECT_OBJC_ISA_USAGE = YES_ERROR;
				CLANG_WARN_DOCUMENTATION_COMMENTS = YES;
				CLANG_WARN_EMPTY_BODY = YES;
				CLANG_WARN_ENUM_CONVERSION = YES;
				CLANG_WARN_INFINITE_RECURSION = YES;
				CLANG_WARN_INT_CONVERSION = YES;
				CLANG_WARN_NON_LITERAL_NULL_CONVERSION = YES;
				CLANG_WARN_OBJC_IMPLICIT_RETAIN_SELF = YES;
				CLANG_WARN_OBJC_LITERAL_CONVERSION = YES;
				CLANG_WARN_OBJC_ROOT_CLASS = YES_ERROR;
				CLANG_WARN_RANGE_LOOP_ANALYSIS = YES;
				CLANG_WARN_STRICT_PROTOTYPES = YES;
				CLANG_WARN_SUSPICIOUS_MOVE = YES;
				CLANG_WARN_UNGUARDED_AVAILABILITY = YES_AGGRESSIVE;
				CLANG_WARN_UNREACHABLE_CODE = YES;
				CLANG_WARN__DUPLICATE_METHOD_MATCH = YES;
				CODE_SIGN_IDENTITY = "iPhone Developer";
				COPY_PHASE_STRIP = NO;
				DEBUG_INFORMATION_FORMAT = dwarf;
				ENABLE_STRICT_OBJC_MSGSEND = YES;
				ENABLE_TESTABILITY = YES;
				GCC_C_LANGUAGE_STANDARD = gnu11;
				GCC_DYNAMIC_NO_PIC = NO;
				GCC_NO_COMMON_BLOCKS = YES;
				GCC_OPTIMIZATION_LEVEL = 0;
				GCC_PREPROCESSOR_DEFINITIONS = (
					"DEBUG=1",
					"$(inherited)",
				);
				GCC_WARN_64_TO_32_BIT_CONVERSION = YES;
				GCC_WARN_ABOUT_RETURN_TYPE = YES_ERROR;
				GCC_WARN_UNDECLARED_SELECTOR = YES;
				GCC_WARN_UNINITIALIZED_AUTOS = YES_AGGRESSIVE;
				GCC_WARN_UNUSED_FUNCTION = YES;
				GCC_WARN_UNUSED_VARIABLE = YES;
				IPHONEOS_DEPLOYMENT_TARGET = 11.4;
				MTL_ENABLE_DEBUG_INFO = YES;
				ONLY_ACTIVE_ARCH = YES;
				SDKROOT = iphoneos;
				SWIFT_ACTIVE_COMPILATION_CONDITIONS = DEBUG;
				SWIFT_OPTIMIZATION_LEVEL = "-Onone";
			};
			name = Debug;
		};
		2D3463FA20C0CE9500424B45 /* Release */ = {
			isa = XCBuildConfiguration;
			buildSettings = {
				ALWAYS_SEARCH_USER_PATHS = NO;
				CLANG_ANALYZER_NONNULL = YES;
				CLANG_ANALYZER_NUMBER_OBJECT_CONVERSION = YES_AGGRESSIVE;
				CLANG_CXX_LANGUAGE_STANDARD = "gnu++14";
				CLANG_CXX_LIBRARY = "libc++";
				CLANG_ENABLE_MODULES = YES;
				CLANG_ENABLE_OBJC_ARC = YES;
				CLANG_ENABLE_OBJC_WEAK = YES;
				CLANG_WARN_BLOCK_CAPTURE_AUTORELEASING = YES;
				CLANG_WARN_BOOL_CONVERSION = YES;
				CLANG_WARN_COMMA = YES;
				CLANG_WARN_CONSTANT_CONVERSION = YES;
				CLANG_WARN_DEPRECATED_OBJC_IMPLEMENTATIONS = YES;
				CLANG_WARN_DIRECT_OBJC_ISA_USAGE = YES_ERROR;
				CLANG_WARN_DOCUMENTATION_COMMENTS = YES;
				CLANG_WARN_EMPTY_BODY = YES;
				CLANG_WARN_ENUM_CONVERSION = YES;
				CLANG_WARN_INFINITE_RECURSION = YES;
				CLANG_WARN_INT_CONVERSION = YES;
				CLANG_WARN_NON_LITERAL_NULL_CONVERSION = YES;
				CLANG_WARN_OBJC_IMPLICIT_RETAIN_SELF = YES;
				CLANG_WARN_OBJC_LITERAL_CONVERSION = YES;
				CLANG_WARN_OBJC_ROOT_CLASS = YES_ERROR;
				CLANG_WARN_RANGE_LOOP_ANALYSIS = YES;
				CLANG_WARN_STRICT_PROTOTYPES = YES;
				CLANG_WARN_SUSPICIOUS_MOVE = YES;
				CLANG_WARN_UNGUARDED_AVAILABILITY = YES_AGGRESSIVE;
				CLANG_WARN_UNREACHABLE_CODE = YES;
				CLANG_WARN__DUPLICATE_METHOD_MATCH = YES;
				CODE_SIGN_IDENTITY = "iPhone Developer";
				COPY_PHASE_STRIP = NO;
				DEBUG_INFORMATION_FORMAT = "dwarf-with-dsym";
				ENABLE_NS_ASSERTIONS = NO;
				ENABLE_STRICT_OBJC_MSGSEND = YES;
				GCC_C_LANGUAGE_STANDARD = gnu11;
				GCC_NO_COMMON_BLOCKS = YES;
				GCC_WARN_64_TO_32_BIT_CONVERSION = YES;
				GCC_WARN_ABOUT_RETURN_TYPE = YES_ERROR;
				GCC_WARN_UNDECLARED_SELECTOR = YES;
				GCC_WARN_UNINITIALIZED_AUTOS = YES_AGGRESSIVE;
				GCC_WARN_UNUSED_FUNCTION = YES;
				GCC_WARN_UNUSED_VARIABLE = YES;
				IPHONEOS_DEPLOYMENT_TARGET = 11.4;
				MTL_ENABLE_DEBUG_INFO = NO;
				SDKROOT = iphoneos;
				SWIFT_COMPILATION_MODE = wholemodule;
				SWIFT_OPTIMIZATION_LEVEL = "-O";
				VALIDATE_PRODUCT = YES;
			};
			name = Release;
		};
		2D3463FC20C0CE9500424B45 /* Debug */ = {
			isa = XCBuildConfiguration;
			baseConfigurationReference = 5E99244D4E96BBE7AE2AC90D /* Pods-MeetNPlay.debug.xcconfig */;
			buildSettings = {
				ASSETCATALOG_COMPILER_APPICON_NAME = AppIcon;
				CODE_SIGN_STYLE = Automatic;
				DEVELOPMENT_TEAM = T77769KB49;
				INFOPLIST_FILE = MeetNPlay/Info.plist;
				IPHONEOS_DEPLOYMENT_TARGET = 11.0;
				LD_RUNPATH_SEARCH_PATHS = (
					"$(inherited)",
					"@executable_path/Frameworks",
				);
				PRODUCT_BUNDLE_IDENTIFIER = com.vms.MeetNPlay;
				PRODUCT_NAME = "$(TARGET_NAME)";
				SWIFT_VERSION = 4.0;
				TARGETED_DEVICE_FAMILY = 1;
			};
			name = Debug;
		};
		2D3463FD20C0CE9500424B45 /* Release */ = {
			isa = XCBuildConfiguration;
			baseConfigurationReference = 24D632A2428F61D303DC3D80 /* Pods-MeetNPlay.release.xcconfig */;
			buildSettings = {
				ASSETCATALOG_COMPILER_APPICON_NAME = AppIcon;
				CODE_SIGN_STYLE = Automatic;
				DEVELOPMENT_TEAM = T77769KB49;
				INFOPLIST_FILE = MeetNPlay/Info.plist;
				IPHONEOS_DEPLOYMENT_TARGET = 11.0;
				LD_RUNPATH_SEARCH_PATHS = (
					"$(inherited)",
					"@executable_path/Frameworks",
				);
				PRODUCT_BUNDLE_IDENTIFIER = com.vms.MeetNPlay;
				PRODUCT_NAME = "$(TARGET_NAME)";
				SWIFT_VERSION = 4.0;
				TARGETED_DEVICE_FAMILY = 1;
			};
			name = Release;
		};
		2D3463FF20C0CE9500424B45 /* Debug */ = {
			isa = XCBuildConfiguration;
			baseConfigurationReference = DFDBED95E817B8021585A85E /* Pods-MeetNPlayTests.debug.xcconfig */;
			buildSettings = {
				ALWAYS_EMBED_SWIFT_STANDARD_LIBRARIES = YES;
				BUNDLE_LOADER = "$(TEST_HOST)";
				CODE_SIGN_STYLE = Automatic;
				DEVELOPMENT_TEAM = T77769KB49;
				INFOPLIST_FILE = MeetNPlayTests/Info.plist;
				LD_RUNPATH_SEARCH_PATHS = (
					"$(inherited)",
					"@executable_path/Frameworks",
					"@loader_path/Frameworks",
				);
				PRODUCT_BUNDLE_IDENTIFIER = com.vms.MeetNPlayTests;
				PRODUCT_NAME = "$(TARGET_NAME)";
				SWIFT_VERSION = 4.0;
				TARGETED_DEVICE_FAMILY = "1,2";
				TEST_HOST = "$(BUILT_PRODUCTS_DIR)/MeetNPlay.app/MeetNPlay";
			};
			name = Debug;
		};
		2D34640020C0CE9500424B45 /* Release */ = {
			isa = XCBuildConfiguration;
			baseConfigurationReference = F012D5EACCD0F3BF672DDD98 /* Pods-MeetNPlayTests.release.xcconfig */;
			buildSettings = {
				ALWAYS_EMBED_SWIFT_STANDARD_LIBRARIES = YES;
				BUNDLE_LOADER = "$(TEST_HOST)";
				CODE_SIGN_STYLE = Automatic;
				DEVELOPMENT_TEAM = T77769KB49;
				INFOPLIST_FILE = MeetNPlayTests/Info.plist;
				LD_RUNPATH_SEARCH_PATHS = (
					"$(inherited)",
					"@executable_path/Frameworks",
					"@loader_path/Frameworks",
				);
				PRODUCT_BUNDLE_IDENTIFIER = com.vms.MeetNPlayTests;
				PRODUCT_NAME = "$(TARGET_NAME)";
				SWIFT_VERSION = 4.0;
				TARGETED_DEVICE_FAMILY = "1,2";
				TEST_HOST = "$(BUILT_PRODUCTS_DIR)/MeetNPlay.app/MeetNPlay";
			};
			name = Release;
		};
		2D34640220C0CE9500424B45 /* Debug */ = {
			isa = XCBuildConfiguration;
			baseConfigurationReference = 7B82019FE3C03034A5B9450B /* Pods-MeetNPlayUITests.debug.xcconfig */;
			buildSettings = {
				ALWAYS_EMBED_SWIFT_STANDARD_LIBRARIES = YES;
				CODE_SIGN_STYLE = Automatic;
				DEVELOPMENT_TEAM = T77769KB49;
				INFOPLIST_FILE = MeetNPlayUITests/Info.plist;
				LD_RUNPATH_SEARCH_PATHS = (
					"$(inherited)",
					"@executable_path/Frameworks",
					"@loader_path/Frameworks",
				);
				PRODUCT_BUNDLE_IDENTIFIER = com.vms.MeetNPlayUITests;
				PRODUCT_NAME = "$(TARGET_NAME)";
				SWIFT_VERSION = 4.0;
				TARGETED_DEVICE_FAMILY = "1,2";
				TEST_TARGET_NAME = MeetNPlay;
			};
			name = Debug;
		};
		2D34640320C0CE9500424B45 /* Release */ = {
			isa = XCBuildConfiguration;
			baseConfigurationReference = AB6E3CED88F2D8B3EC61B7FB /* Pods-MeetNPlayUITests.release.xcconfig */;
			buildSettings = {
				ALWAYS_EMBED_SWIFT_STANDARD_LIBRARIES = YES;
				CODE_SIGN_STYLE = Automatic;
				DEVELOPMENT_TEAM = T77769KB49;
				INFOPLIST_FILE = MeetNPlayUITests/Info.plist;
				LD_RUNPATH_SEARCH_PATHS = (
					"$(inherited)",
					"@executable_path/Frameworks",
					"@loader_path/Frameworks",
				);
				PRODUCT_BUNDLE_IDENTIFIER = com.vms.MeetNPlayUITests;
				PRODUCT_NAME = "$(TARGET_NAME)";
				SWIFT_VERSION = 4.0;
				TARGETED_DEVICE_FAMILY = "1,2";
				TEST_TARGET_NAME = MeetNPlay;
			};
			name = Release;
		};
/* End XCBuildConfiguration section */

/* Begin XCConfigurationList section */
		2D3463CE20C0CE9300424B45 /* Build configuration list for PBXProject "MeetNPlay" */ = {
			isa = XCConfigurationList;
			buildConfigurations = (
				2D3463F920C0CE9500424B45 /* Debug */,
				2D3463FA20C0CE9500424B45 /* Release */,
			);
			defaultConfigurationIsVisible = 0;
			defaultConfigurationName = Release;
		};
		2D3463FB20C0CE9500424B45 /* Build configuration list for PBXNativeTarget "MeetNPlay" */ = {
			isa = XCConfigurationList;
			buildConfigurations = (
				2D3463FC20C0CE9500424B45 /* Debug */,
				2D3463FD20C0CE9500424B45 /* Release */,
			);
			defaultConfigurationIsVisible = 0;
			defaultConfigurationName = Release;
		};
		2D3463FE20C0CE9500424B45 /* Build configuration list for PBXNativeTarget "MeetNPlayTests" */ = {
			isa = XCConfigurationList;
			buildConfigurations = (
				2D3463FF20C0CE9500424B45 /* Debug */,
				2D34640020C0CE9500424B45 /* Release */,
			);
			defaultConfigurationIsVisible = 0;
			defaultConfigurationName = Release;
		};
		2D34640120C0CE9500424B45 /* Build configuration list for PBXNativeTarget "MeetNPlayUITests" */ = {
			isa = XCConfigurationList;
			buildConfigurations = (
				2D34640220C0CE9500424B45 /* Debug */,
				2D34640320C0CE9500424B45 /* Release */,
			);
			defaultConfigurationIsVisible = 0;
			defaultConfigurationName = Release;
		};
/* End XCConfigurationList section */
	};
	rootObject = 2D3463CB20C0CE9300424B45 /* Project object */;
}
